<Solution>
	<Project Path="src/SweetEngine/SweetEngine.csproj" />
	
	<Project Path="libraries/sweetlib-platform/src/Sweet.Intents/Sweet.Intents.csproj" />
	<Project Path="libraries/sweetlib-platform/src/Sweet.Devices/Sweet.Devices.csproj" />

	<Project Path="libraries/sweetlib-collections/src/Sweet.Collections/Sweet.Collections.csproj" />
</Solution>